{
  "name": "find-missing-tests",
  "version": "1.0.0",
  "lockfileVersion": 1,
  "requires": true,
  "dependencies": {
    "@types/node": {
      "version": "16.11.6",
      "resolved": "https://devopsartifactory.corp.lpl.com/artifactory/api/npm/npm/@types/node/-/node-16.11.6.tgz",
      "integrity": "sha1-a+96KgrWhM9ukPz+Mc7KvZzgo64=",
      "dev": true
    }
  }
}
